
Microsoft Visual Studio Solution File, Format Version 12.00
# Visual Studio 15
VisualStudioVersion = 15.0.28307.572
MinimumVisualStudioVersion = 10.0.40219.1
Project("{FAE04EC0-301F-11D3-BF4B-00C04F79EFBC}") = "SPDP", "SPDP\SPDP.csproj", "{8B8A4C68-2F00-40E3-8F1C-02B492EABBD2}"
EndProject
Global
	GlobalSection(SolutionConfigurationPlatforms) = preSolution
		Debug|Any CPU = Debug|Any CPU
		Debug|x64 = Debug|x64
		Release|Any CPU = Release|Any CPU
		Release|x64 = Release|x64
	EndGlobalSection
	GlobalSection(ProjectConfigurationPlatforms) = postSolution
		{8B8A4C68-2F00-40E3-8F1C-02B492EABBD2}.Debug|Any CPU.ActiveCfg = Debug|Any CPU
		{8B8A4C68-2F00-40E3-8F1C-02B492EABBD2}.Debug|Any CPU.Build.0 = Debug|Any CPU
		{8B8A4C68-2F00-40E3-8F1C-02B492EABBD2}.Debug|x64.ActiveCfg = Debug|x64
		{8B8A4C68-2F00-40E3-8F1C-02B492EABBD2}.Debug|x64.Build.0 = Debug|x64
		{8B8A4C68-2F00-40E3-8F1C-02B492EABBD2}.Release|Any CPU.ActiveCfg = Release|Any CPU
		{8B8A4C68-2F00-40E3-8F1C-02B492EABBD2}.Release|Any CPU.Build.0 = Release|Any CPU
		{8B8A4C68-2F00-40E3-8F1C-02B492EABBD2}.Release|x64.ActiveCfg = Release|x64
		{8B8A4C68-2F00-40E3-8F1C-02B492EABBD2}.Release|x64.Build.0 = Release|x64
	EndGlobalSection
	GlobalSection(SolutionProperties) = preSolution
		HideSolutionNode = FALSE
	EndGlobalSection
	GlobalSection(ExtensibilityGlobals) = postSolution
		SolutionGuid = {9D762D5D-8D90-4C9B-BC02-172509C7D89C}
	EndGlobalSection
EndGlobal
